{
  "name": "erc1523",
  "version": "1.0.0",
  "lockfileVersion": 2,
  "requires": true,
  "packages": {
    "": {
      "name": "erc1523",
      "version": "1.0.0",
      "license": "Apache-2.0",
      "dependencies": {
        "openzeppelin-solidity": "^4.4.0"
      }
    },
    "node_modules/openzeppelin-solidity": {
      "version": "4.4.0",
      "resolved": "https://registry.npmjs.org/openzeppelin-solidity/-/openzeppelin-solidity-4.4.0.tgz",
      "integrity": "sha512-7HL0vPuPR3p/PfVJ3ODkHLN5Ueshl94IuqPP2s/ZkXOlVz7QY6brahr9WBdElKyOBuXpfdyVfHrL09kq2dMQ7A==",
      "deprecated": "This package is now published as @openzeppelin/contracts. Please change your dependency.",
      "bin": {
        "openzeppelin-contracts-migrate-imports": "scripts/migrate-imports.js"
      }
    }
  },
  "dependencies": {
    "openzeppelin-solidity": {
      "version": "4.4.0",
      "resolved": "https://registry.npmjs.org/openzeppelin-solidity/-/openzeppelin-solidity-4.4.0.tgz",
      "integrity": "sha512-7HL0vPuPR3p/PfVJ3ODkHLN5Ueshl94IuqPP2s/ZkXOlVz7QY6brahr9WBdElKyOBuXpfdyVfHrL09kq2dMQ7A=="
    }
  }
}
