{
  "name": "@etherisc/dip_artifacts_storage",
  "version": "1.0.0",
  "lockfileVersion": 1,
  "requires": true,
  "dependencies": {
    "wtfnode": {
      "version": "0.7.3",
      "resolved": "https://registry.npmjs.org/wtfnode/-/wtfnode-0.7.3.tgz",
      "integrity": "sha512-o4W7SY4QT/4XYrumfv6Mm9ved2Nmx5i9G6nGCLkZnyBfKV96TIhx7MXqk3Zoo+7YQGydAEXywRS7DJPsLMrVwA=="
    }
  }
}
