{
  "name": "@etherisc/dip_fiat_payout_gateway",
  "version": "0.1.1",
  "lockfileVersion": 1,
  "requires": true,
  "dependencies": {
    "amqplib": {
      "version": "0.5.2",
      "resolved": "https://registry.npmjs.org/amqplib/-/amqplib-0.5.2.tgz",
      "integrity": "sha512-l9mCs6LbydtHqRniRwYkKdqxVa6XMz3Vw1fh+2gJaaVgTM6Jk3o8RccAKWKtlhT1US5sWrFh+KKxsVUALURSIA==",
      "requires": {
        "bitsyntax": "0.0.4",
        "bluebird": "3.5.2",
        "buffer-more-ints": "0.0.2",
        "readable-stream": "1.1.14",
        "safe-buffer": "5.1.2"
      }
    },
    "bitsyntax": {
      "version": "0.0.4",
      "resolved": "https://registry.npmjs.org/bitsyntax/-/bitsyntax-0.0.4.tgz",
      "integrity": "sha1-6xDMb4K4xJDj6FaY8H6D1G4MuoI=",
      "requires": {
        "buffer-more-ints": "0.0.2"
      }
    },
    "bluebird": {
      "version": "3.5.2",
      "resolved": "https://registry.npmjs.org/bluebird/-/bluebird-3.5.2.tgz",
      "integrity": "sha512-dhHTWMI7kMx5whMQntl7Vr9C6BvV10lFXDAasnqnrMYhXVCzzk6IO9Fo2L75jXHT07WrOngL1WDXOp+yYS91Yg=="
    },
    "buffer-more-ints": {
      "version": "0.0.2",
      "resolved": "https://registry.npmjs.org/buffer-more-ints/-/buffer-more-ints-0.0.2.tgz",
      "integrity": "sha1-JrOIXRD6E9t/wBquOquHAZngEkw="
    },
    "core-util-is": {
      "version": "1.0.2",
      "resolved": "https://registry.npmjs.org/core-util-is/-/core-util-is-1.0.2.tgz",
      "integrity": "sha1-tf1UIgqivFq1eqtxQMlAdUUDwac="
    },
    "inherits": {
      "version": "2.0.3",
      "resolved": "https://registry.npmjs.org/inherits/-/inherits-2.0.3.tgz",
      "integrity": "sha1-Yzwsg+PaQqUC9SRmAiSA9CCCYd4="
    },
    "isarray": {
      "version": "0.0.1",
      "resolved": "https://registry.npmjs.org/isarray/-/isarray-0.0.1.tgz",
      "integrity": "sha1-ihis/Kmo9Bd+Cav8YDiTmwXR7t8="
    },
    "readable-stream": {
      "version": "1.1.14",
      "resolved": "https://registry.npmjs.org/readable-stream/-/readable-stream-1.1.14.tgz",
      "integrity": "sha1-fPTFTvZI44EwhMY23SB54WbAgdk=",
      "requires": {
        "core-util-is": "1.0.2",
        "inherits": "2.0.3",
        "isarray": "0.0.1",
        "string_decoder": "0.10.31"
      }
    },
    "safe-buffer": {
      "version": "5.1.2",
      "resolved": "https://registry.npmjs.org/safe-buffer/-/safe-buffer-5.1.2.tgz",
      "integrity": "sha512-Gd2UZBJDkXlY7GbJxfsE8/nvKkUEU1G38c1siN6QP6a9PT9MmHB8GnpscSmMJSoF8LOIrt8ud/wPtojys4G6+g=="
    },
    "string_decoder": {
      "version": "0.10.31",
      "resolved": "https://registry.npmjs.org/string_decoder/-/string_decoder-0.10.31.tgz",
      "integrity": "sha1-YuIDvEF2bGwoyfyEMB2rHFMQ+pQ="
    }
  }
}
