{
  "name": "@etherisc/gif-interface",
  "version": "1.0.6",
  "lockfileVersion": 2,
  "requires": true,
  "packages": {
    "": {
      "name": "@etherisc/gif-interface",
      "version": "1.0.6",
      "license": "Apache-2.0",
      "dependencies": {
        "openzeppelin-solidity": "^3.4.1"
      }
    },
    "node_modules/openzeppelin-solidity": {
      "version": "3.4.1",
      "resolved": "https://registry.npmjs.org/openzeppelin-solidity/-/openzeppelin-solidity-3.4.1.tgz",
      "integrity": "sha512-cr23CIbIbs77AV/l1rCB1ppSE/ROIyM+9126GYH/t+ehYwIs1FWHevZfgXQi1JFhXZqxOHjW6isRWmlDVR4OLA=="
    }
  },
  "dependencies": {
    "openzeppelin-solidity": {
      "version": "3.4.1",
      "resolved": "https://registry.npmjs.org/openzeppelin-solidity/-/openzeppelin-solidity-3.4.1.tgz",
      "integrity": "sha512-cr23CIbIbs77AV/l1rCB1ppSE/ROIyM+9126GYH/t+ehYwIs1FWHevZfgXQi1JFhXZqxOHjW6isRWmlDVR4OLA=="
    }
  }
}
